// !$*UTF8*$!
{
	archiveVersion = 1;
	classes = {
	};
	objectVersion = 77;
	objects = {

/* Begin PBXContainerItemProxy section */
		28B8D8F32D5CD84100FA0F1E /* PBXContainerItemProxy */ = {
			isa = PBXContainerItemProxy;
			containerPortal = 28B8D8D72D5CD84000FA0F1E /* Project object */;
			proxyType = 1;
			remoteGlobalIDString = 28B8D8DE2D5CD84000FA0F1E;
			remoteInfo = CRAVE;
		};
		28B8D8FD2D5CD84100FA0F1E /* PBXContainerItemProxy */ = {
			isa = PBXContainerItemProxy;
			containerPortal = 28B8D8D72D5CD84000FA0F1E /* Project object */;
			proxyType = 1;
			remoteGlobalIDString = 28B8D8DE2D5CD84000FA0F1E;
			remoteInfo = CRAVE;
		};
/* End PBXContainerItemProxy section */

/* Begin PBXFileReference section */
		28601EE52D5D735D0018AC5A /* CRAVE.xctestplan */ = {isa = PBXFileReference; lastKnownFileType = text; path = CRAVE.xctestplan; sourceTree = "<group>"; };
		28B8D8DF2D5CD84000FA0F1E /* CRAVE.app */ = {isa = PBXFileReference; explicitFileType = wrapper.application; includeInIndex = 0; path = CRAVE.app; sourceTree = BUILT_PRODUCTS_DIR; };
		28B8D8F22D5CD84100FA0F1E /* CRAVETests.xctest */ = {isa = PBXFileReference; explicitFileType = wrapper.cfbundle; includeInIndex = 0; path = CRAVETests.xctest; sourceTree = BUILT_PRODUCTS_DIR; };
		28B8D8FC2D5CD84100FA0F1E /* CRAVEUITests.xctest */ = {isa = PBXFileReference; explicitFileType = wrapper.cfbundle; includeInIndex = 0; path = CRAVEUITests.xctest; sourceTree = BUILT_PRODUCTS_DIR; };
/* End PBXFileReference section */

/* Begin PBXFileSystemSynchronizedBuildFileExceptionSet section */
		2865868C2D5D0D8D00F6FD8B /* Exceptions for "CRAVEApp" folder in "CRAVE" target */ = {
			isa = PBXFileSystemSynchronizedBuildFileExceptionSet;
			membershipExceptions = (
				Tests/AnalyticsTests/Data/AnalyticsAggregatorTests.swift,
				Tests/AnalyticsTests/Data/AnalyticsConfigurationTests.swift,
				Tests/AnalyticsTests/Data/AnalyticsCoordinatorTests.swift,
				Tests/AnalyticsTests/Data/AnalyticsManagerTests.swift,
				Tests/AnalyticsTests/Data/AnalyticsProcessorTests.swift,
				Tests/AnalyticsTests/Data/AnalyticsStorageTests.swift,
				Tests/AnalyticsTests/Domain/AnalyticsEventTests.swift,
				Tests/AnalyticsTests/Domain/AnalyticsInsightTests.swift,
				Tests/AnalyticsTests/Domain/AnalyticsPatternTests.swift,
				Tests/AnalyticsTests/Domain/AnalyticsPredictionTests.swift,
				Tests/AnalyticsTests/Integration/AnalyticsModelTests.swift,
				Tests/AnalyticsTests/Integration/CravingAnalyticsIntegrationTests.swift,
				Tests/CravingTests/CravingManagerTests.swift,
				Tests/CravingTests/CravingModelTests.swift,
				Tests/CravingTests/InteractionDataTests.swift,
				Tests/UITests/CRAVEUITests.swift,
			);
			platformFiltersByRelativePath = {
				App/CRAVEApp.swift = (ios, );
				App/DI/DependencyContainer.swift = (ios, );
				App/Navigation/AppCoordinator.swift = (ios, );
				Core/Data/DTOs/AnalyticsDTO.swift = (ios, );
				Core/Data/DTOs/CravingDTO.swift = (ios, );
				Core/Data/DataSources/Local/AnalyticsStorage.swift = (ios, );
				Core/Data/DataSources/Local/CravingManager.swift = (ios, );
				Core/Data/DataSources/Remote/APIClient.swift = (ios, );
				Core/Data/DataSources/Remote/ModelContainer.swift = (ios, );
				Core/Data/Mappers/AnalyticsMapper.swift = (ios, );
				Core/Data/Mappers/CravingMapper.swift = (ios, );
				Core/Data/Repositories/AnalyticsRepositoryImpl.swift = (ios, );
				Core/Data/Repositories/CravingRepositoryImpl.swift = (ios, );
				Core/Data/Services/AnalyticsService.swift = (ios, );
				Core/Data/Services/EventTrackingService.swift = (ios, );
				Core/DesignSystem/CRAVEDesignSystem.swift = (ios, );
				Core/Domain/Entities/Analytics/AnalyticsEntity.swift = (ios, );
				Core/Domain/Entities/Analytics/AnalyticsEvent.swift = (ios, );
				Core/Domain/Entities/Analytics/AnalyticsManager.swift = (ios, );
				Core/Domain/Entities/Analytics/AnalyticsMetadata.swift = (ios, );
				Core/Domain/Entities/Analytics/BasicAnalyticsResult.swift = (ios, );
				Core/Domain/Entities/Craving/CravingEntity.swift = (ios, );
				Core/Domain/Entities/Craving/CravingEvent.swift = (ios, );
				Core/Domain/Interfaces/Repositories/AnalyticsRepository.swift = (ios, );
				Core/Domain/Interfaces/Repositories/CravingRepository.swift = (ios, );
				Core/Domain/Interfaces/UseCases/AnalyticsUseCases.swift = (ios, );
				Core/Domain/Interfaces/UseCases/CravingUseCases.swift = (ios, );
				Core/Domain/UseCases/Analytics/AnalyticsAggregator.swift = (ios, );
				Core/Domain/UseCases/Analytics/AnalyticsProcessor.swift = (ios, );
				Core/Domain/UseCases/Analytics/PatternDetectionService.swift = (ios, );
				Core/Domain/UseCases/Craving/CravingAnalyzer.swift = (ios, );
				Core/Presentation/Common/DesignSystem/Components/CraveButton.swift = (ios, );
				Core/Presentation/Common/DesignSystem/Components/CraveTextEditor.swift = (ios, );
				Core/Presentation/Common/DesignSystem/Theme.swift = (ios, );
				"Core/Presentation/Common/Extensions/Date+Extensions.swift" = (ios, );
				"Core/Presentation/Common/Extensions/View+Extensions.swift" = (ios, );
				Core/Presentation/Configuration/AnalyticsConfiguration.swift = (ios, );
				Core/Presentation/ViewModels/Analytics/AnalyticsDashboardViewModel.swift = (ios, );
				Core/Presentation/ViewModels/Analytics/AnalyticsViewModel.swift = (ios, );
				Core/Presentation/ViewModels/Craving/CravingListViewModel.swift = (ios, );
				Core/Presentation/ViewModels/Craving/LogCravingViewModel.swift = (ios, );
				Core/Presentation/Views/Analytics/AnalyticsDashBoardView.swift = (ios, );
				Core/Presentation/Views/Analytics/Components/AnalyticsCharts.swift = (ios, );
				Core/Presentation/Views/Analytics/Components/AnalyticsInsight.swift = (ios, );
				Core/Presentation/Views/Craving/Components/CravingCard.swift = (ios, );
				Core/Presentation/Views/Craving/CravingListView.swift = (ios, );
				Navigation/CRAVETabView.swift = (ios, );
			};
			target = 28B8D8DE2D5CD84000FA0F1E /* CRAVE */;
		};
		28B8D9CB2D5CE04900FA0F1E /* Exceptions for "CRAVEApp" folder in "CRAVETests" target */ = {
			isa = PBXFileSystemSynchronizedBuildFileExceptionSet;
			membershipExceptions = (
				Tests/AnalyticsTests/Data/AnalyticsAggregatorTests.swift,
				Tests/AnalyticsTests/Data/AnalyticsConfigurationTests.swift,
				Tests/AnalyticsTests/Data/AnalyticsCoordinatorTests.swift,
				Tests/AnalyticsTests/Data/AnalyticsManagerTests.swift,
				Tests/AnalyticsTests/Data/AnalyticsProcessorTests.swift,
				Tests/AnalyticsTests/Data/AnalyticsStorageTests.swift,
				Tests/AnalyticsTests/Domain/AnalyticsEventTests.swift,
				Tests/AnalyticsTests/Domain/AnalyticsInsightTests.swift,
				Tests/AnalyticsTests/Domain/AnalyticsPatternTests.swift,
				Tests/AnalyticsTests/Domain/AnalyticsPredictionTests.swift,
				Tests/AnalyticsTests/Integration/AnalyticsModelTests.swift,
				Tests/AnalyticsTests/Integration/CravingAnalyticsIntegrationTests.swift,
				Tests/CravingTests/CravingManagerTests.swift,
				Tests/CravingTests/CravingModelTests.swift,
				Tests/CravingTests/InteractionDataTests.swift,
			);
			platformFiltersByRelativePath = {
				Tests/AnalyticsTests/Data/AnalyticsAggregatorTests.swift = (ios, );
				Tests/AnalyticsTests/Data/AnalyticsConfigurationTests.swift = (ios, );
				Tests/AnalyticsTests/Data/AnalyticsCoordinatorTests.swift = (ios, );
				Tests/AnalyticsTests/Data/AnalyticsManagerTests.swift = (ios, );
				Tests/AnalyticsTests/Data/AnalyticsProcessorTests.swift = (ios, );
				Tests/AnalyticsTests/Data/AnalyticsStorageTests.swift = (ios, );
				Tests/AnalyticsTests/Domain/AnalyticsEventTests.swift = (ios, );
				Tests/AnalyticsTests/Domain/AnalyticsInsightTests.swift = (ios, );
				Tests/AnalyticsTests/Domain/AnalyticsPatternTests.swift = (ios, );
				Tests/AnalyticsTests/Domain/AnalyticsPredictionTests.swift = (ios, );
				Tests/AnalyticsTests/Integration/AnalyticsModelTests.swift = (ios, );
				Tests/AnalyticsTests/Integration/CravingAnalyticsIntegrationTests.swift = (ios, );
				Tests/CravingTests/CravingManagerTests.swift = (ios, );
				Tests/CravingTests/CravingModelTests.swift = (ios, );
				Tests/CravingTests/InteractionDataTests.swift = (ios, );
			};
			target = 28B8D8F12D5CD84100FA0F1E /* CRAVETests */;
		};
		28E4B1FA2D6271B300273C6A /* Exceptions for "CRAVEApp" folder in "CRAVEUITests" target */ = {
			isa = PBXFileSystemSynchronizedBuildFileExceptionSet;
			membershipExceptions = (
				Tests/UITests/CRAVEUITests.swift,
			);
			target = 28B8D8FB2D5CD84100FA0F1E /* CRAVEUITests */;
		};
/* End PBXFileSystemSynchronizedBuildFileExceptionSet section */

/* Begin PBXFileSystemSynchronizedRootGroup section */
		28B8D8E12D5CD84000FA0F1E /* CRAVEApp */ = {
			isa = PBXFileSystemSynchronizedRootGroup;
			exceptions = (
				2865868C2D5D0D8D00F6FD8B /* Exceptions for "CRAVEApp" folder in "CRAVE" target */,
				28B8D9CB2D5CE04900FA0F1E /* Exceptions for "CRAVEApp" folder in "CRAVETests" target */,
				28E4B1FA2D6271B300273C6A /* Exceptions for "CRAVEApp" folder in "CRAVEUITests" target */,
			);
			path = CRAVEApp;
			sourceTree = "<group>";
		};
/* End PBXFileSystemSynchronizedRootGroup section */

/* Begin PBXFrameworksBuildPhase section */
		28B8D8DC2D5CD84000FA0F1E /* Frameworks */ = {
			isa = PBXFrameworksBuildPhase;
			buildActionMask = 2147483647;
			files = (
			);
			runOnlyForDeploymentPostprocessing = 0;
		};
		28B8D8EF2D5CD84100FA0F1E /* Frameworks */ = {
			isa = PBXFrameworksBuildPhase;
			buildActionMask = 2147483647;
			files = (
			);
			runOnlyForDeploymentPostprocessing = 0;
		};
		28B8D8F92D5CD84100FA0F1E /* Frameworks */ = {
			isa = PBXFrameworksBuildPhase;
			buildActionMask = 2147483647;
			files = (
			);
			runOnlyForDeploymentPostprocessing = 0;
		};
/* End PBXFrameworksBuildPhase section */

/* Begin PBXGroup section */
		28B8D8D62D5CD84000FA0F1E = {
			isa = PBXGroup;
			children = (
				28601EE52D5D735D0018AC5A /* CRAVE.xctestplan */,
				28B8D8E12D5CD84000FA0F1E /* CRAVEApp */,
				28B8D8E02D5CD84000FA0F1E /* Products */,
			);
			sourceTree = "<group>";
		};
		28B8D8E02D5CD84000FA0F1E /* Products */ = {
			isa = PBXGroup;
			children = (
				28B8D8DF2D5CD84000FA0F1E /* CRAVE.app */,
				28B8D8F22D5CD84100FA0F1E /* CRAVETests.xctest */,
				28B8D8FC2D5CD84100FA0F1E /* CRAVEUITests.xctest */,
			);
			name = Products;
			sourceTree = "<group>";
		};
/* End PBXGroup section */

/* Begin PBXNativeTarget section */
		28B8D8DE2D5CD84000FA0F1E /* CRAVE */ = {
			isa = PBXNativeTarget;
			buildConfigurationList = 28B8D9062D5CD84100FA0F1E /* Build configuration list for PBXNativeTarget "CRAVE" */;
			buildPhases = (
				28B8D8DB2D5CD84000FA0F1E /* Sources */,
				28B8D8DC2D5CD84000FA0F1E /* Frameworks */,
				28B8D8DD2D5CD84000FA0F1E /* Resources */,
			);
			buildRules = (
			);
			dependencies = (
			);
			fileSystemSynchronizedGroups = (
				28B8D8E12D5CD84000FA0F1E /* CRAVEApp */,
			);
			name = CRAVE;
			packageProductDependencies = (
			);
			productName = CRAVE;
			productReference = 28B8D8DF2D5CD84000FA0F1E /* CRAVE.app */;
			productType = "com.apple.product-type.application";
		};
		28B8D8F12D5CD84100FA0F1E /* CRAVETests */ = {
			isa = PBXNativeTarget;
			buildConfigurationList = 28B8D9092D5CD84100FA0F1E /* Build configuration list for PBXNativeTarget "CRAVETests" */;
			buildPhases = (
				28B8D8EE2D5CD84100FA0F1E /* Sources */,
				28B8D8EF2D5CD84100FA0F1E /* Frameworks */,
				28B8D8F02D5CD84100FA0F1E /* Resources */,
			);
			buildRules = (
			);
			dependencies = (
				28B8D8F42D5CD84100FA0F1E /* PBXTargetDependency */,
			);
			name = CRAVETests;
			packageProductDependencies = (
			);
			productName = CRAVETests;
			productReference = 28B8D8F22D5CD84100FA0F1E /* CRAVETests.xctest */;
			productType = "com.apple.product-type.bundle.unit-test";
		};
		28B8D8FB2D5CD84100FA0F1E /* CRAVEUITests */ = {
			isa = PBXNativeTarget;
			buildConfigurationList = 28B8D90C2D5CD84100FA0F1E /* Build configuration list for PBXNativeTarget "CRAVEUITests" */;
			buildPhases = (
				28B8D8F82D5CD84100FA0F1E /* Sources */,
				28B8D8F92D5CD84100FA0F1E /* Frameworks */,
				28B8D8FA2D5CD84100FA0F1E /* Resources */,
			);
			buildRules = (
			);
			dependencies = (
				28B8D8FE2D5CD84100FA0F1E /* PBXTargetDependency */,
			);
			name = CRAVEUITests;
			packageProductDependencies = (
			);
			productName = CRAVEUITests;
			productReference = 28B8D8FC2D5CD84100FA0F1E /* CRAVEUITests.xctest */;
			productType = "com.apple.product-type.bundle.ui-testing";
		};
/* End PBXNativeTarget section */

/* Begin PBXProject section */
		28B8D8D72D5CD84000FA0F1E /* Project object */ = {
			isa = PBXProject;
			attributes = {
				BuildIndependentTargetsInParallel = 1;
				LastSwiftUpdateCheck = 1620;
				LastUpgradeCheck = 1620;
				TargetAttributes = {
					28B8D8DE2D5CD84000FA0F1E = {
						CreatedOnToolsVersion = 16.2;
					};
					28B8D8F12D5CD84100FA0F1E = {
						CreatedOnToolsVersion = 16.2;
						TestTargetID = 28B8D8DE2D5CD84000FA0F1E;
					};
					28B8D8FB2D5CD84100FA0F1E = {
						CreatedOnToolsVersion = 16.2;
						TestTargetID = 28B8D8DE2D5CD84000FA0F1E;
					};
				};
			};
			buildConfigurationList = 28B8D8DA2D5CD84000FA0F1E /* Build configuration list for PBXProject "CRAVE" */;
			developmentRegion = en;
			hasScannedForEncodings = 0;
			knownRegions = (
				en,
				Base,
			);
			mainGroup = 28B8D8D62D5CD84000FA0F1E;
			minimizedProjectReferenceProxies = 1;
			preferredProjectObjectVersion = 77;
			productRefGroup = 28B8D8E02D5CD84000FA0F1E /* Products */;
			projectDirPath = "";
			projectRoot = "";
			targets = (
				28B8D8DE2D5CD84000FA0F1E /* CRAVE */,
				28B8D8F12D5CD84100FA0F1E /* CRAVETests */,
				28B8D8FB2D5CD84100FA0F1E /* CRAVEUITests */,
			);
		};
/* End PBXProject section */

/* Begin PBXResourcesBuildPhase section */
		28B8D8DD2D5CD84000FA0F1E /* Resources */ = {
			isa = PBXResourcesBuildPhase;
			buildActionMask = 2147483647;
			files = (
			);
			runOnlyForDeploymentPostprocessing = 0;
		};
		28B8D8F02D5CD84100FA0F1E /* Resources */ = {
			isa = PBXResourcesBuildPhase;
			buildActionMask = 2147483647;
			files = (
			);
			runOnlyForDeploymentPostprocessing = 0;
		};
		28B8D8FA2D5CD84100FA0F1E /* Resources */ = {
			isa = PBXResourcesBuildPhase;
			buildActionMask = 2147483647;
			files = (
			);
			runOnlyForDeploymentPostprocessing = 0;
		};
/* End PBXResourcesBuildPhase section */

/* Begin PBXSourcesBuildPhase section */
		28B8D8DB2D5CD84000FA0F1E /* Sources */ = {
			isa = PBXSourcesBuildPhase;
			buildActionMask = 2147483647;
			files = (
			);
			runOnlyForDeploymentPostprocessing = 0;
		};
		28B8D8EE2D5CD84100FA0F1E /* Sources */ = {
			isa = PBXSourcesBuildPhase;
			buildActionMask = 2147483647;
			files = (
			);
			runOnlyForDeploymentPostprocessing = 0;
		};
		28B8D8F82D5CD84100FA0F1E /* Sources */ = {
			isa = PBXSourcesBuildPhase;
			buildActionMask = 2147483647;
			files = (
			);
			runOnlyForDeploymentPostprocessing = 0;
		};
/* End PBXSourcesBuildPhase section */

/* Begin PBXTargetDependency section */
		28B8D8F42D5CD84100FA0F1E /* PBXTargetDependency */ = {
			isa = PBXTargetDependency;
			target = 28B8D8DE2D5CD84000FA0F1E /* CRAVE */;
			targetProxy = 28B8D8F32D5CD84100FA0F1E /* PBXContainerItemProxy */;
		};
		28B8D8FE2D5CD84100FA0F1E /* PBXTargetDependency */ = {
			isa = PBXTargetDependency;
			target = 28B8D8DE2D5CD84000FA0F1E /* CRAVE */;
			targetProxy = 28B8D8FD2D5CD84100FA0F1E /* PBXContainerItemProxy */;
		};
/* End PBXTargetDependency section */

/* Begin XCBuildConfiguration section */
		28B8D9042D5CD84100FA0F1E /* Debug */ = {
			isa = XCBuildConfiguration;
			buildSettings = {
				ALWAYS_SEARCH_USER_PATHS = NO;
				ASSETCATALOG_COMPILER_GENERATE_SWIFT_ASSET_SYMBOL_EXTENSIONS = YES;
				CLANG_ANALYZER_NONNULL = YES;
				CLANG_ANALYZER_NUMBER_OBJECT_CONVERSION = YES_AGGRESSIVE;
				CLANG_CXX_LANGUAGE_STANDARD = "gnu++20";
				CLANG_ENABLE_MODULES = YES;
				CLANG_ENABLE_OBJC_ARC = YES;
				CLANG_ENABLE_OBJC_WEAK = YES;
				CLANG_WARN_BLOCK_CAPTURE_AUTORELEASING = YES;
				CLANG_WARN_BOOL_CONVERSION = YES;
				CLANG_WARN_COMMA = YES;
				CLANG_WARN_CONSTANT_CONVERSION = YES;
				CLANG_WARN_DEPRECATED_OBJC_IMPLEMENTATIONS = YES;
				CLANG_WARN_DIRECT_OBJC_ISA_USAGE = YES_ERROR;
				CLANG_WARN_DOCUMENTATION_COMMENTS = YES;
				CLANG_WARN_EMPTY_BODY = YES;
				CLANG_WARN_ENUM_CONVERSION = YES;
				CLANG_WARN_INFINITE_RECURSION = YES;
				CLANG_WARN_INT_CONVERSION = YES;
				CLANG_WARN_NON_LITERAL_NULL_CONVERSION = YES;
				CLANG_WARN_OBJC_IMPLICIT_RETAIN_SELF = YES;
				CLANG_WARN_OBJC_LITERAL_CONVERSION = YES;
				CLANG_WARN_OBJC_ROOT_CLASS = YES_ERROR;
				CLANG_WARN_QUOTED_INCLUDE_IN_FRAMEWORK_HEADER = YES;
				CLANG_WARN_RANGE_LOOP_ANALYSIS = YES;
				CLANG_WARN_STRICT_PROTOTYPES = YES;
				CLANG_WARN_SUSPICIOUS_MOVE = YES;
				CLANG_WARN_UNGUARDED_AVAILABILITY = YES_AGGRESSIVE;
				CLANG_WARN_UNREACHABLE_CODE = YES;
				CLANG_WARN__DUPLICATE_METHOD_MATCH = YES;
				COPY_PHASE_STRIP = NO;
				DEBUG_INFORMATION_FORMAT = dwarf;
				ENABLE_STRICT_OBJC_MSGSEND = YES;
				ENABLE_TESTABILITY = YES;
				ENABLE_USER_SCRIPT_SANDBOXING = YES;
				GCC_C_LANGUAGE_STANDARD = gnu17;
				GCC_DYNAMIC_NO_PIC = NO;
				GCC_NO_COMMON_BLOCKS = YES;
				GCC_OPTIMIZATION_LEVEL = 0;
				GCC_PREPROCESSOR_DEFINITIONS = (
					"DEBUG=1",
					"$(inherited)",
				);
				GCC_WARN_64_TO_32_BIT_CONVERSION = YES;
				GCC_WARN_ABOUT_RETURN_TYPE = YES_ERROR;
				GCC_WARN_UNDECLARED_SELECTOR = YES;
				GCC_WARN_UNINITIALIZED_AUTOS = YES_AGGRESSIVE;
				GCC_WARN_UNUSED_FUNCTION = YES;
				GCC_WARN_UNUSED_VARIABLE = YES;
				GENERATE_INFOPLIST_FILE = YES;
				LOCALIZATION_PREFERS_STRING_CATALOGS = YES;
				MTL_ENABLE_DEBUG_INFO = INCLUDE_SOURCE;
				MTL_FAST_MATH = YES;
				ONLY_ACTIVE_ARCH = YES;
				SWIFT_ACTIVE_COMPILATION_CONDITIONS = "DEBUG $(inherited)";
				SWIFT_OPTIMIZATION_LEVEL = "-Onone";
			};
			name = Debug;
		};
		28B8D9052D5CD84100FA0F1E /* Release */ = {
			isa = XCBuildConfiguration;
			buildSettings = {
				ALWAYS_SEARCH_USER_PATHS = NO;
				ASSETCATALOG_COMPILER_GENERATE_SWIFT_ASSET_SYMBOL_EXTENSIONS = YES;
				CLANG_ANALYZER_NONNULL = YES;
				CLANG_ANALYZER_NUMBER_OBJECT_CONVERSION = YES_AGGRESSIVE;
				CLANG_CXX_LANGUAGE_STANDARD = "gnu++20";
				CLANG_ENABLE_MODULES = YES;
				CLANG_ENABLE_OBJC_ARC = YES;
				CLANG_ENABLE_OBJC_WEAK = YES;
				CLANG_WARN_BLOCK_CAPTURE_AUTORELEASING = YES;
				CLANG_WARN_BOOL_CONVERSION = YES;
				CLANG_WARN_COMMA = YES;
				CLANG_WARN_CONSTANT_CONVERSION = YES;
				CLANG_WARN_DEPRECATED_OBJC_IMPLEMENTATIONS = YES;
				CLANG_WARN_DIRECT_OBJC_ISA_USAGE = YES_ERROR;
				CLANG_WARN_DOCUMENTATION_COMMENTS = YES;
				CLANG_WARN_EMPTY_BODY = YES;
				CLANG_WARN_ENUM_CONVERSION = YES;
				CLANG_WARN_INFINITE_RECURSION = YES;
				CLANG_WARN_INT_CONVERSION = YES;
				CLANG_WARN_NON_LITERAL_NULL_CONVERSION = YES;
				CLANG_WARN_OBJC_IMPLICIT_RETAIN_SELF = YES;
				CLANG_WARN_OBJC_LITERAL_CONVERSION = YES;
				CLANG_WARN_OBJC_ROOT_CLASS = YES_ERROR;
				CLANG_WARN_QUOTED_INCLUDE_IN_FRAMEWORK_HEADER = YES;
				CLANG_WARN_RANGE_LOOP_ANALYSIS = YES;
				CLANG_WARN_STRICT_PROTOTYPES = YES;
				CLANG_WARN_SUSPICIOUS_MOVE = YES;
				CLANG_WARN_UNGUARDED_AVAILABILITY = YES_AGGRESSIVE;
				CLANG_WARN_UNREACHABLE_CODE = YES;
				CLANG_WARN__DUPLICATE_METHOD_MATCH = YES;
				COPY_PHASE_STRIP = NO;
				DEBUG_INFORMATION_FORMAT = "dwarf-with-dsym";
				ENABLE_NS_ASSERTIONS = NO;
				ENABLE_STRICT_OBJC_MSGSEND = YES;
				ENABLE_USER_SCRIPT_SANDBOXING = YES;
				GCC_C_LANGUAGE_STANDARD = gnu17;
				GCC_NO_COMMON_BLOCKS = YES;
				GCC_WARN_64_TO_32_BIT_CONVERSION = YES;
				GCC_WARN_ABOUT_RETURN_TYPE = YES_ERROR;
				GCC_WARN_UNDECLARED_SELECTOR = YES;
				GCC_WARN_UNINITIALIZED_AUTOS = YES_AGGRESSIVE;
				GCC_WARN_UNUSED_FUNCTION = YES;
				GCC_WARN_UNUSED_VARIABLE = YES;
				GENERATE_INFOPLIST_FILE = YES;
				LOCALIZATION_PREFERS_STRING_CATALOGS = YES;
				MTL_ENABLE_DEBUG_INFO = NO;
				MTL_FAST_MATH = YES;
				SWIFT_COMPILATION_MODE = wholemodule;
			};
			name = Release;
		};
		28B8D9072D5CD84100FA0F1E /* Debug */ = {
			isa = XCBuildConfiguration;
			buildSettings = {
				ASSETCATALOG_COMPILER_APPICON_NAME = AppIcon;
				ASSETCATALOG_COMPILER_GLOBAL_ACCENT_COLOR_NAME = AccentColor;
				CODE_SIGN_ENTITLEMENTS = CRAVEApp/CRAVE.entitlements;
				CODE_SIGN_IDENTITY = "Apple Development";
				CODE_SIGN_STYLE = Automatic;
				CURRENT_PROJECT_VERSION = 1;
				DEVELOPMENT_ASSET_PATHS = "\"CRAVEApp/Resources/Preview Content\"";
				DEVELOPMENT_TEAM = "";
				ENABLE_HARDENED_RUNTIME = YES;
				ENABLE_PREVIEWS = YES;
				GENERATE_INFOPLIST_FILE = YES;
				INFOPLIST_KEY_CFBundleDisplayName = CRAVE;
				INFOPLIST_KEY_LSApplicationCategoryType = "public.app-category.healthcare-fitness";
				"INFOPLIST_KEY_UIApplicationSceneManifest_Generation[sdk=iphoneos*]" = YES;
				"INFOPLIST_KEY_UIApplicationSceneManifest_Generation[sdk=iphonesimulator*]" = YES;
				"INFOPLIST_KEY_UIApplicationSupportsIndirectInputEvents[sdk=iphoneos*]" = YES;
				"INFOPLIST_KEY_UIApplicationSupportsIndirectInputEvents[sdk=iphonesimulator*]" = YES;
				"INFOPLIST_KEY_UILaunchScreen_Generation[sdk=iphoneos*]" = YES;
				"INFOPLIST_KEY_UILaunchScreen_Generation[sdk=iphonesimulator*]" = YES;
				"INFOPLIST_KEY_UIStatusBarStyle[sdk=iphoneos*]" = UIStatusBarStyleDefault;
				"INFOPLIST_KEY_UIStatusBarStyle[sdk=iphonesimulator*]" = UIStatusBarStyleDefault;
				INFOPLIST_KEY_UISupportedInterfaceOrientations_iPad = "UIInterfaceOrientationPortrait UIInterfaceOrientationPortraitUpsideDown UIInterfaceOrientationLandscapeLeft UIInterfaceOrientationLandscapeRight";
				INFOPLIST_KEY_UISupportedInterfaceOrientations_iPhone = "UIInterfaceOrientationPortrait UIInterfaceOrientationLandscapeLeft UIInterfaceOrientationLandscapeRight";
				IPHONEOS_DEPLOYMENT_TARGET = 18.2;
				LD_RUNPATH_SEARCH_PATHS = "@executable_path/Frameworks";
				"LD_RUNPATH_SEARCH_PATHS[sdk=macosx*]" = "@executable_path/../Frameworks";
				MACOSX_DEPLOYMENT_TARGET = 14.0;
				MARKETING_VERSION = 1.0;
				PRODUCT_BUNDLE_IDENTIFIER = com.Novamind.CRAVE;
				PRODUCT_NAME = "$(TARGET_NAME)";
				PROVISIONING_PROFILE_SPECIFIER = "";
				SDKROOT = auto;
				SUPPORTED_PLATFORMS = "iphoneos iphonesimulator";
				SUPPORTS_MACCATALYST = NO;
				SWIFT_EMIT_LOC_STRINGS = YES;
				SWIFT_VERSION = 5.0;
				TARGETED_DEVICE_FAMILY = "1,2";
				XROS_DEPLOYMENT_TARGET = 2.2;
			};
			name = Debug;
		};
		28B8D9082D5CD84100FA0F1E /* Release */ = {
			isa = XCBuildConfiguration;
			buildSettings = {
				ASSETCATALOG_COMPILER_APPICON_NAME = AppIcon;
				ASSETCATALOG_COMPILER_GLOBAL_ACCENT_COLOR_NAME = AccentColor;
				CODE_SIGN_ENTITLEMENTS = CRAVEApp/CRAVE.entitlements;
				CODE_SIGN_IDENTITY = "Apple Development";
				CODE_SIGN_STYLE = Automatic;
				CURRENT_PROJECT_VERSION = 1;
				DEVELOPMENT_ASSET_PATHS = "\"CRAVEApp/Resources/Preview Content\"";
				DEVELOPMENT_TEAM = "";
				ENABLE_HARDENED_RUNTIME = YES;
				ENABLE_PREVIEWS = YES;
				GENERATE_INFOPLIST_FILE = YES;
				INFOPLIST_KEY_CFBundleDisplayName = CRAVE;
				INFOPLIST_KEY_LSApplicationCategoryType = "public.app-category.healthcare-fitness";
				"INFOPLIST_KEY_UIApplicationSceneManifest_Generation[sdk=iphoneos*]" = YES;
				"INFOPLIST_KEY_UIApplicationSceneManifest_Generation[sdk=iphonesimulator*]" = YES;
				"INFOPLIST_KEY_UIApplicationSupportsIndirectInputEvents[sdk=iphoneos*]" = YES;
				"INFOPLIST_KEY_UIApplicationSupportsIndirectInputEvents[sdk=iphonesimulator*]" = YES;
				"INFOPLIST_KEY_UILaunchScreen_Generation[sdk=iphoneos*]" = YES;
				"INFOPLIST_KEY_UILaunchScreen_Generation[sdk=iphonesimulator*]" = YES;
				"INFOPLIST_KEY_UIStatusBarStyle[sdk=iphoneos*]" = UIStatusBarStyleDefault;
				"INFOPLIST_KEY_UIStatusBarStyle[sdk=iphonesimulator*]" = UIStatusBarStyleDefault;
				INFOPLIST_KEY_UISupportedInterfaceOrientations_iPad = "UIInterfaceOrientationPortrait UIInterfaceOrientationPortraitUpsideDown UIInterfaceOrientationLandscapeLeft UIInterfaceOrientationLandscapeRight";
				INFOPLIST_KEY_UISupportedInterfaceOrientations_iPhone = "UIInterfaceOrientationPortrait UIInterfaceOrientationLandscapeLeft UIInterfaceOrientationLandscapeRight";
				IPHONEOS_DEPLOYMENT_TARGET = 18.2;
				LD_RUNPATH_SEARCH_PATHS = "@executable_path/Frameworks";
				"LD_RUNPATH_SEARCH_PATHS[sdk=macosx*]" = "@executable_path/../Frameworks";
				MACOSX_DEPLOYMENT_TARGET = 14.0;
				MARKETING_VERSION = 1.0;
				PRODUCT_BUNDLE_IDENTIFIER = com.Novamind.CRAVE;
				PRODUCT_NAME = "$(TARGET_NAME)";
				PROVISIONING_PROFILE_SPECIFIER = "";
				SDKROOT = auto;
				SUPPORTED_PLATFORMS = "iphoneos iphonesimulator";
				SUPPORTS_MACCATALYST = NO;
				SWIFT_EMIT_LOC_STRINGS = YES;
				SWIFT_VERSION = 5.0;
				TARGETED_DEVICE_FAMILY = "1,2";
				XROS_DEPLOYMENT_TARGET = 2.2;
			};
			name = Release;
		};
		28B8D90A2D5CD84100FA0F1E /* Debug */ = {
			isa = XCBuildConfiguration;
			buildSettings = {
				BUNDLE_LOADER = "$(TEST_HOST)";
				CODE_SIGN_STYLE = Automatic;
				CURRENT_PROJECT_VERSION = 1;
				DEVELOPMENT_TEAM = HJ7W9PTAD8;
				GENERATE_INFOPLIST_FILE = YES;
				IPHONEOS_DEPLOYMENT_TARGET = 18.2;
				MACOSX_DEPLOYMENT_TARGET = 15.2;
				MARKETING_VERSION = 1.0;
				PRODUCT_BUNDLE_IDENTIFIER = com.Novamind.CRAVETests;
				PRODUCT_NAME = "$(TARGET_NAME)";
				SDKROOT = auto;
				SUPPORTED_PLATFORMS = "iphoneos iphonesimulator";
				SUPPORTS_MACCATALYST = NO;
				SWIFT_EMIT_LOC_STRINGS = NO;
				SWIFT_VERSION = 5.0;
				TARGETED_DEVICE_FAMILY = "1,2";
				TEST_HOST = "$(BUILT_PRODUCTS_DIR)/CRAVE.app/$(BUNDLE_EXECUTABLE_FOLDER_PATH)/CRAVE";
				XROS_DEPLOYMENT_TARGET = 2.2;
			};
			name = Debug;
		};
		28B8D90B2D5CD84100FA0F1E /* Release */ = {
			isa = XCBuildConfiguration;
			buildSettings = {
				BUNDLE_LOADER = "$(TEST_HOST)";
				CODE_SIGN_STYLE = Automatic;
				CURRENT_PROJECT_VERSION = 1;
				DEVELOPMENT_TEAM = HJ7W9PTAD8;
				GENERATE_INFOPLIST_FILE = YES;
				IPHONEOS_DEPLOYMENT_TARGET = 18.2;
				MACOSX_DEPLOYMENT_TARGET = 15.2;
				MARKETING_VERSION = 1.0;
				PRODUCT_BUNDLE_IDENTIFIER = com.Novamind.CRAVETests;
				PRODUCT_NAME = "$(TARGET_NAME)";
				SDKROOT = auto;
				SUPPORTED_PLATFORMS = "iphoneos iphonesimulator";
				SUPPORTS_MACCATALYST = NO;
				SWIFT_EMIT_LOC_STRINGS = NO;
				SWIFT_VERSION = 5.0;
				TARGETED_DEVICE_FAMILY = "1,2";
				TEST_HOST = "$(BUILT_PRODUCTS_DIR)/CRAVE.app/$(BUNDLE_EXECUTABLE_FOLDER_PATH)/CRAVE";
				XROS_DEPLOYMENT_TARGET = 2.2;
			};
			name = Release;
		};
		28B8D90D2D5CD84100FA0F1E /* Debug */ = {
			isa = XCBuildConfiguration;
			buildSettings = {
				CODE_SIGN_STYLE = Automatic;
				CURRENT_PROJECT_VERSION = 1;
				DEVELOPMENT_TEAM = HJ7W9PTAD8;
				GENERATE_INFOPLIST_FILE = YES;
				IPHONEOS_DEPLOYMENT_TARGET = 18.2;
				MACOSX_DEPLOYMENT_TARGET = 15.2;
				MARKETING_VERSION = 1.0;
				PRODUCT_BUNDLE_IDENTIFIER = com.Novamind.CRAVEUITests;
				PRODUCT_NAME = "$(TARGET_NAME)";
				SDKROOT = auto;
				SUPPORTED_PLATFORMS = "iphoneos iphonesimulator";
				SUPPORTS_MACCATALYST = NO;
				SWIFT_EMIT_LOC_STRINGS = NO;
				SWIFT_VERSION = 5.0;
				TARGETED_DEVICE_FAMILY = "1,2";
				TEST_TARGET_NAME = CRAVE;
				XROS_DEPLOYMENT_TARGET = 2.2;
			};
			name = Debug;
		};
		28B8D90E2D5CD84100FA0F1E /* Release */ = {
			isa = XCBuildConfiguration;
			buildSettings = {
				CODE_SIGN_STYLE = Automatic;
				CURRENT_PROJECT_VERSION = 1;
				DEVELOPMENT_TEAM = HJ7W9PTAD8;
				GENERATE_INFOPLIST_FILE = YES;
				IPHONEOS_DEPLOYMENT_TARGET = 18.2;
				MACOSX_DEPLOYMENT_TARGET = 15.2;
				MARKETING_VERSION = 1.0;
				PRODUCT_BUNDLE_IDENTIFIER = com.Novamind.CRAVEUITests;
				PRODUCT_NAME = "$(TARGET_NAME)";
				SDKROOT = auto;
				SUPPORTED_PLATFORMS = "iphoneos iphonesimulator";
				SUPPORTS_MACCATALYST = NO;
				SWIFT_EMIT_LOC_STRINGS = NO;
				SWIFT_VERSION = 5.0;
				TARGETED_DEVICE_FAMILY = "1,2";
				TEST_TARGET_NAME = CRAVE;
				XROS_DEPLOYMENT_TARGET = 2.2;
			};
			name = Release;
		};
/* End XCBuildConfiguration section */

/* Begin XCConfigurationList section */
		28B8D8DA2D5CD84000FA0F1E /* Build configuration list for PBXProject "CRAVE" */ = {
			isa = XCConfigurationList;
			buildConfigurations = (
				28B8D9042D5CD84100FA0F1E /* Debug */,
				28B8D9052D5CD84100FA0F1E /* Release */,
			);
			defaultConfigurationIsVisible = 0;
			defaultConfigurationName = Release;
		};
		28B8D9062D5CD84100FA0F1E /* Build configuration list for PBXNativeTarget "CRAVE" */ = {
			isa = XCConfigurationList;
			buildConfigurations = (
				28B8D9072D5CD84100FA0F1E /* Debug */,
				28B8D9082D5CD84100FA0F1E /* Release */,
			);
			defaultConfigurationIsVisible = 0;
			defaultConfigurationName = Release;
		};
		28B8D9092D5CD84100FA0F1E /* Build configuration list for PBXNativeTarget "CRAVETests" */ = {
			isa = XCConfigurationList;
			buildConfigurations = (
				28B8D90A2D5CD84100FA0F1E /* Debug */,
				28B8D90B2D5CD84100FA0F1E /* Release */,
			);
			defaultConfigurationIsVisible = 0;
			defaultConfigurationName = Release;
		};
		28B8D90C2D5CD84100FA0F1E /* Build configuration list for PBXNativeTarget "CRAVEUITests" */ = {
			isa = XCConfigurationList;
			buildConfigurations = (
				28B8D90D2D5CD84100FA0F1E /* Debug */,
				28B8D90E2D5CD84100FA0F1E /* Release */,
			);
			defaultConfigurationIsVisible = 0;
			defaultConfigurationName = Release;
		};
/* End XCConfigurationList section */
	};
	rootObject = 28B8D8D72D5CD84000FA0F1E /* Project object */;
}
